
Microsoft Visual Studio Solution File, Format Version 12.00
# Visual Studio Version 16
VisualStudioVersion = 16.0.33920.266
MinimumVisualStudioVersion = 10.0.40219.1
Project("{FAE04EC0-301F-11D3-BF4B-00C04F79EFBC}") = "HMS", "HMS\HMS.csproj", "{32A30A27-AF6A-4A5C-BF1E-D336D1BA1D53}"
EndProject
Project("{FAE04EC0-301F-11D3-BF4B-00C04F79EFBC}") = "UnitTesting", "UnitTesting\UnitTesting.csproj", "{11FF5198-4A1C-4934-B9B1-8DB9D962B988}"
EndProject
Global
	GlobalSection(SolutionConfigurationPlatforms) = preSolution
		Debug|Any CPU = Debug|Any CPU
		Release|Any CPU = Release|Any CPU
	EndGlobalSection
	GlobalSection(ProjectConfigurationPlatforms) = postSolution
		{32A30A27-AF6A-4A5C-BF1E-D336D1BA1D53}.Debug|Any CPU.ActiveCfg = Debug|Any CPU
		{32A30A27-AF6A-4A5C-BF1E-D336D1BA1D53}.Debug|Any CPU.Build.0 = Debug|Any CPU
		{32A30A27-AF6A-4A5C-BF1E-D336D1BA1D53}.Release|Any CPU.ActiveCfg = Release|Any CPU
		{32A30A27-AF6A-4A5C-BF1E-D336D1BA1D53}.Release|Any CPU.Build.0 = Release|Any CPU
		{11FF5198-4A1C-4934-B9B1-8DB9D962B988}.Debug|Any CPU.ActiveCfg = Debug|Any CPU
		{11FF5198-4A1C-4934-B9B1-8DB9D962B988}.Debug|Any CPU.Build.0 = Debug|Any CPU
		{11FF5198-4A1C-4934-B9B1-8DB9D962B988}.Release|Any CPU.ActiveCfg = Release|Any CPU
		{11FF5198-4A1C-4934-B9B1-8DB9D962B988}.Release|Any CPU.Build.0 = Release|Any CPU
	EndGlobalSection
	GlobalSection(SolutionProperties) = preSolution
		HideSolutionNode = FALSE
	EndGlobalSection
	GlobalSection(ExtensibilityGlobals) = postSolution
		SolutionGuid = {FA59F5D3-140A-4B7E-A79A-CE569159E928}
	EndGlobalSection
EndGlobal
